
Microsoft Visual Studio Solution File, Format Version 12.00
# Visual Studio 15
VisualStudioVersion = 15.0.27004.2008
MinimumVisualStudioVersion = 10.0.40219.1
Project("{8BC9CEB8-8B4A-11D0-8D11-00A0C91BC942}") = "ff7gx", "ff7gx/ff7gx.vcxproj", "{8432BC3E-A1FC-4B35-BF3D-5320DBACC2F5}"
EndProject
Global
	GlobalSection(SolutionConfigurationPlatforms) = preSolution
		Debug|x86 = Debug|x86
		Release|x86 = Release|x86
	EndGlobalSection
	GlobalSection(ProjectConfigurationPlatforms) = postSolution
		{8432BC3E-A1FC-4B35-BF3D-5320DBACC2F5}.Debug|x86.ActiveCfg = Debug|Win32
		{8432BC3E-A1FC-4B35-BF3D-5320DBACC2F5}.Debug|x86.Build.0 = Debug|Win32
		{8432BC3E-A1FC-4B35-BF3D-5320DBACC2F5}.Release|x86.ActiveCfg = Release|Win32
		{8432BC3E-A1FC-4B35-BF3D-5320DBACC2F5}.Release|x86.Build.0 = Release|Win32
	EndGlobalSection
	GlobalSection(SolutionProperties) = preSolution
		HideSolutionNode = FALSE
	EndGlobalSection
	GlobalSection(ExtensibilityGlobals) = postSolution
		SolutionGuid = {F28FC0D7-F85B-4245-AE6A-254CD14F7E4D}
	EndGlobalSection
EndGlobal
